
Microsoft Visual Studio Solution File, Format Version 12.00
# Visual Studio Version 17
VisualStudioVersion = 17.13.35605.110
MinimumVisualStudioVersion = 10.0.40219.1
Project("{2150E333-8FDC-42A3-9474-1A3956D46DE8}") = "Solution Items", "Solution Items", "{8EC462FD-D22E-90A8-E5CE-7E832BA40C5D}"
	ProjectSection(SolutionItems) = preProject
		.gitignore = .gitignore
		Directory.Build.props = Directory.Build.props
		Directory.Build.targets = Directory.Build.targets
		Directory.Packages.props = Directory.Packages.props
		NuGet.config = NuGet.config
	EndProjectSection
EndProject
Project("{2150E333-8FDC-42A3-9474-1A3956D46DE8}") = "tools", "tools", "{02EA681E-C7D8-13C7-8484-4AC65E1B71E8}"
	ProjectSection(SolutionItems) = preProject
		tools\csharpier.targets = tools\csharpier.targets
	EndProjectSection
EndProject
Project("{2150E333-8FDC-42A3-9474-1A3956D46DE8}") = "prettier", "prettier", "{F05BA9E7-4014-473B-ADD7-093984DA1D18}"
	ProjectSection(SolutionItems) = preProject
		tools\prettier\.gitignore = tools\prettier\.gitignore
		tools\prettier\.prettierignore = tools\prettier\.prettierignore
		tools\prettier\.prettierrc.yaml = tools\prettier\.prettierrc.yaml
		tools\prettier\prettier.targets = tools\prettier\prettier.targets
	EndProjectSection
EndProject
Project("{FAE04EC0-301F-11D3-BF4B-00C04F79EFBC}") = "ModelContextProtocol.NET.Demo.Calculator", "src\ModelContextProtocol.NET.Demo.Calculator\ModelContextProtocol.NET.Demo.Calculator.csproj", "{2B33B3B4-F756-481A-AD6C-7D09312981AD}"
EndProject
Project("{FAE04EC0-301F-11D3-BF4B-00C04F79EFBC}") = "ModelContextProtocol.NET.Core", "src\ModelContextProtocol.NET.Core\ModelContextProtocol.NET.Core.csproj", "{25484205-0F62-4F69-9CD8-5A88BFAF6A6D}"
EndProject
Project("{FAE04EC0-301F-11D3-BF4B-00C04F79EFBC}") = "ModelContextProtocol.NET.Server", "src\ModelContextProtocol.NET.Server\ModelContextProtocol.NET.Server.csproj", "{DD5A4F08-2D0C-4B15-9186-3B0F620944BE}"
EndProject
Project("{FAE04EC0-301F-11D3-BF4B-00C04F79EFBC}") = "ModelContextProtocol.NET.Server.Hosting", "src\ModelContextProtocol.NET.Server.Hosting\ModelContextProtocol.NET.Server.Hosting.csproj", "{444E13B1-1B99-4751-97DF-51A2057E6495}"
EndProject
Global
	GlobalSection(SolutionConfigurationPlatforms) = preSolution
		Debug|Any CPU = Debug|Any CPU
		Release|Any CPU = Release|Any CPU
	EndGlobalSection
	GlobalSection(ProjectConfigurationPlatforms) = postSolution
		{2B33B3B4-F756-481A-AD6C-7D09312981AD}.Debug|Any CPU.ActiveCfg = Debug|Any CPU
		{2B33B3B4-F756-481A-AD6C-7D09312981AD}.Debug|Any CPU.Build.0 = Debug|Any CPU
		{2B33B3B4-F756-481A-AD6C-7D09312981AD}.Release|Any CPU.ActiveCfg = Release|Any CPU
		{2B33B3B4-F756-481A-AD6C-7D09312981AD}.Release|Any CPU.Build.0 = Release|Any CPU
		{25484205-0F62-4F69-9CD8-5A88BFAF6A6D}.Debug|Any CPU.ActiveCfg = Debug|Any CPU
		{25484205-0F62-4F69-9CD8-5A88BFAF6A6D}.Debug|Any CPU.Build.0 = Debug|Any CPU
		{25484205-0F62-4F69-9CD8-5A88BFAF6A6D}.Release|Any CPU.ActiveCfg = Release|Any CPU
		{25484205-0F62-4F69-9CD8-5A88BFAF6A6D}.Release|Any CPU.Build.0 = Release|Any CPU
		{DD5A4F08-2D0C-4B15-9186-3B0F620944BE}.Debug|Any CPU.ActiveCfg = Debug|Any CPU
		{DD5A4F08-2D0C-4B15-9186-3B0F620944BE}.Debug|Any CPU.Build.0 = Debug|Any CPU
		{DD5A4F08-2D0C-4B15-9186-3B0F620944BE}.Release|Any CPU.ActiveCfg = Release|Any CPU
		{DD5A4F08-2D0C-4B15-9186-3B0F620944BE}.Release|Any CPU.Build.0 = Release|Any CPU
		{444E13B1-1B99-4751-97DF-51A2057E6495}.Debug|Any CPU.ActiveCfg = Debug|Any CPU
		{444E13B1-1B99-4751-97DF-51A2057E6495}.Debug|Any CPU.Build.0 = Debug|Any CPU
		{444E13B1-1B99-4751-97DF-51A2057E6495}.Release|Any CPU.ActiveCfg = Release|Any CPU
		{444E13B1-1B99-4751-97DF-51A2057E6495}.Release|Any CPU.Build.0 = Release|Any CPU
	EndGlobalSection
	GlobalSection(SolutionProperties) = preSolution
		HideSolutionNode = FALSE
	EndGlobalSection
	GlobalSection(NestedProjects) = preSolution
		{02EA681E-C7D8-13C7-8484-4AC65E1B71E8} = {8EC462FD-D22E-90A8-E5CE-7E832BA40C5D}
		{F05BA9E7-4014-473B-ADD7-093984DA1D18} = {02EA681E-C7D8-13C7-8484-4AC65E1B71E8}
	EndGlobalSection
	GlobalSection(ExtensibilityGlobals) = postSolution
		SolutionGuid = {7F506C4B-8D71-4140-9AB6-EB9DA7083CF8}
	EndGlobalSection
EndGlobal
